
Microsoft Visual Studio Solution File, Format Version 12.00
# Visual Studio Version 17
VisualStudioVersion = 17.5.33516.290
MinimumVisualStudioVersion = 10.0.40219.1
Project("{9A19103F-16F7-4668-BE54-9A1E7A4F7556}") = "MudBlazorProject", "MudBlazorProject\MudBlazorProject.csproj", "{1F74B049-54D2-44EC-B961-EACE1D5392B3}"
EndProject
Global
	GlobalSection(SolutionConfigurationPlatforms) = preSolution
		Debug|Any CPU = Debug|Any CPU
		Release|Any CPU = Release|Any CPU
	EndGlobalSection
	GlobalSection(ProjectConfigurationPlatforms) = postSolution
		{1F74B049-54D2-44EC-B961-EACE1D5392B3}.Debug|Any CPU.ActiveCfg = Debug|Any CPU
		{1F74B049-54D2-44EC-B961-EACE1D5392B3}.Debug|Any CPU.Build.0 = Debug|Any CPU
		{1F74B049-54D2-44EC-B961-EACE1D5392B3}.Release|Any CPU.ActiveCfg = Release|Any CPU
		{1F74B049-54D2-44EC-B961-EACE1D5392B3}.Release|Any CPU.Build.0 = Release|Any CPU
	EndGlobalSection
	GlobalSection(SolutionProperties) = preSolution
		HideSolutionNode = FALSE
	EndGlobalSection
	GlobalSection(ExtensibilityGlobals) = postSolution
		SolutionGuid = {6184D0D4-8B3F-45CD-84C4-8A0A6D21F219}
	EndGlobalSection
EndGlobal
